{
    "name": "room_server",
    "lockfileVersion": 2,
    "requires": true,
    "packages": {
        "": {
            "dependencies": {
                "nbnet": "file:../net_drivers/webrtc"
            }
        },
        "../net_drivers/webrtc": {
            "name": "nbnet",
            "version": "0.0.1",
            "license": "MIT",
            "dependencies": {
                "uuid": "^8.3.2",
                "websocket": "^1.0.31",
                "winston": "^3.2.1",
                "wrtc": "^0.4.2"
            }
        },
        "node_modules/nbnet": {
            "resolved": "../net_drivers/webrtc",
            "link": true
        }
    },
    "dependencies": {
        "nbnet": {
            "version": "file:../net_drivers/webrtc",
            "requires": {
                "uuid": "^8.3.2",
                "websocket": "^1.0.31",
                "winston": "^3.2.1",
                "wrtc": "^0.4.2"
            }
        }
    }
}
